
Microsoft Visual Studio Solution File, Format Version 12.00
# Visual Studio Version 17
VisualStudioVersion = 17.13.35931.197
MinimumVisualStudioVersion = 10.0.40219.1
Project("{FAE04EC0-301F-11D3-BF4B-00C04F79EFBC}") = "ConalepMaui2025", "ConalepMaui2025\ConalepMaui2025.csproj", "{F7C5F607-674D-4DA6-A013-B84880D58121}"
EndProject
Global
	GlobalSection(SolutionConfigurationPlatforms) = preSolution
		Debug|Any CPU = Debug|Any CPU
		Release|Any CPU = Release|Any CPU
	EndGlobalSection
	GlobalSection(ProjectConfigurationPlatforms) = postSolution
		{F7C5F607-674D-4DA6-A013-B84880D58121}.Debug|Any CPU.ActiveCfg = Debug|Any CPU
		{F7C5F607-674D-4DA6-A013-B84880D58121}.Debug|Any CPU.Build.0 = Debug|Any CPU
		{F7C5F607-674D-4DA6-A013-B84880D58121}.Release|Any CPU.ActiveCfg = Release|Any CPU
		{F7C5F607-674D-4DA6-A013-B84880D58121}.Release|Any CPU.Build.0 = Release|Any CPU
	EndGlobalSection
	GlobalSection(SolutionProperties) = preSolution
		HideSolutionNode = FALSE
	EndGlobalSection
	GlobalSection(ExtensibilityGlobals) = postSolution
		SolutionGuid = {1214D225-0431-484B-B26F-B3047E73D624}
	EndGlobalSection
EndGlobal
